
Microsoft Visual Studio Solution File, Format Version 12.00
# Visual Studio 2015
Project("{FAE04EC0-301F-11D3-BF4B-00C04F79EFBC}") = "Doom.CSharp", "Doom.CSharp.csproj", "{6C748262-3589-CB67-D2C8-EF3ECE97D902}"
EndProject
Global
	GlobalSection(SolutionConfigurationPlatforms) = preSolution
		Debug|Any CPU = Debug|Any CPU
		Release|Any CPU = Release|Any CPU
	EndGlobalSection
	GlobalSection(ProjectConfigurationPlatforms) = postSolution
		{6C748262-3589-CB67-D2C8-EF3ECE97D902}.Debug|Any CPU.ActiveCfg = Debug|Any CPU
		{6C748262-3589-CB67-D2C8-EF3ECE97D902}.Debug|Any CPU.Build.0 = Debug|Any CPU
		{6C748262-3589-CB67-D2C8-EF3ECE97D902}.Release|Any CPU.ActiveCfg = Release|Any CPU
		{6C748262-3589-CB67-D2C8-EF3ECE97D902}.Release|Any CPU.Build.0 = Release|Any CPU
	EndGlobalSection
	GlobalSection(SolutionProperties) = preSolution
		HideSolutionNode = FALSE
	EndGlobalSection
EndGlobal
